
Microsoft Visual Studio Solution File, Format Version 11.00
# Visual Studio 2010
Project("{8BC9CEB8-8B4A-11D0-8D11-00A0C91BC942}") = "Pro.test", "Pro.test\Pro.test.vcxproj", "{AF40EF33-18E1-4666-9E5C-5D623984A791}"
EndProject
Global
	GlobalSection(SolutionConfigurationPlatforms) = preSolution
		Debug|Win32 = Debug|Win32
		Release|Win32 = Release|Win32
	EndGlobalSection
	GlobalSection(ProjectConfigurationPlatforms) = postSolution
		{AF40EF33-18E1-4666-9E5C-5D623984A791}.Debug|Win32.ActiveCfg = Debug|Win32
		{AF40EF33-18E1-4666-9E5C-5D623984A791}.Debug|Win32.Build.0 = Debug|Win32
		{AF40EF33-18E1-4666-9E5C-5D623984A791}.Release|Win32.ActiveCfg = Release|Win32
		{AF40EF33-18E1-4666-9E5C-5D623984A791}.Release|Win32.Build.0 = Release|Win32
	EndGlobalSection
	GlobalSection(SolutionProperties) = preSolution
		HideSolutionNode = FALSE
	EndGlobalSection
EndGlobal
